# THIS IS AN AUTOGENERATED FILE. DO NOT EDIT THIS FILE DIRECTLY.
# yarn lockfile v1


"@polywrap/templates@0.9.4":
  version "0.9.4"
  resolved "https://registry.yarnpkg.com/@polywrap/templates/-/templates-0.9.4.tgz#03c0ac42d609d5d06174f7f53b9426e504798f14"
  integrity sha512-qqBkfFH0+TkORQmiHw+RSr3k1I+J+wpUfBl9FUy7eaRIXJdgzSz3aFbb/LSWpZJYQfuqdgoBN7MLjanRgKF0TA==
